
Microsoft Visual Studio Solution File, Format Version 12.00
# Visual Studio Version 16
VisualStudioVersion = 16.0.30804.86
MinimumVisualStudioVersion = 10.0.40219.1
Project("{FAE04EC0-301F-11D3-BF4B-00C04F79EFBC}") = "Menu_Repository", "Menu_Repository\Menu_Repository.csproj", "{357052ED-CF6F-45BA-95B0-B3E952193262}"
EndProject
Project("{FAE04EC0-301F-11D3-BF4B-00C04F79EFBC}") = "MenuTests", "MenuTests\MenuTests.csproj", "{237CA4EC-D4AE-45BB-98E2-73C126B5E282}"
EndProject
Project("{FAE04EC0-301F-11D3-BF4B-00C04F79EFBC}") = "MenuConsole", "MenuConsole\MenuConsole.csproj", "{50630ED2-E46F-4A45-96A3-404E470CA01A}"
EndProject
Project("{FAE04EC0-301F-11D3-BF4B-00C04F79EFBC}") = "Claim_Repository", "Claim_Repository\Claim_Repository.csproj", "{EE29B016-3EA2-4A1A-8A5B-D35A33CBD08A}"
EndProject
Project("{FAE04EC0-301F-11D3-BF4B-00C04F79EFBC}") = "ClaimTests", "ClaimTests\ClaimTests.csproj", "{12E6B77B-207B-4733-A565-3E720D7EA438}"
EndProject
Project("{FAE04EC0-301F-11D3-BF4B-00C04F79EFBC}") = "ClaimConsole", "ClaimConsole\ClaimConsole.csproj", "{CB32E7D0-CCD9-4F21-8CA9-7D1B7DA05E83}"
EndProject
Project("{FAE04EC0-301F-11D3-BF4B-00C04F79EFBC}") = "Badge_Repository", "Badge_Repository\Badge_Repository.csproj", "{54FD0343-E4F6-42BF-B205-0A8B6B0A09A5}"
EndProject
Project("{FAE04EC0-301F-11D3-BF4B-00C04F79EFBC}") = "BadgeTests", "BadgeTests\BadgeTests.csproj", "{8391246F-715D-4994-8219-EC46D4435AC3}"
EndProject
Project("{FAE04EC0-301F-11D3-BF4B-00C04F79EFBC}") = "BadgeConsole", "BadgeConsole\BadgeConsole.csproj", "{B5C61623-10F0-4189-9FC4-E6AD4F6ED85B}"
EndProject
Project("{FAE04EC0-301F-11D3-BF4B-00C04F79EFBC}") = "CompanyOutings_Repository", "CompanyOutings_Repository\CompanyOutings_Repository.csproj", "{B869862A-50E8-4643-BA3E-2B7A8EF7AA41}"
EndProject
Project("{FAE04EC0-301F-11D3-BF4B-00C04F79EFBC}") = "CompanyOutingTests", "CompanyOutingTests\CompanyOutingTests.csproj", "{5C1999AA-1DFB-49D5-B4C4-F502919E6D2C}"
EndProject
Project("{FAE04EC0-301F-11D3-BF4B-00C04F79EFBC}") = "CompanyOutingConsole", "CompanyOutingConsole\CompanyOutingConsole.csproj", "{CAD07149-AC79-44B2-AA28-54CAC9A51197}"
EndProject
Project("{FAE04EC0-301F-11D3-BF4B-00C04F79EFBC}") = "GreetingChallengeRepository", "GreetingChallengeRepository\GreetingChallengeRepository.csproj", "{AFC5E902-0AD2-4A34-850E-989F768B4B7C}"
EndProject
Project("{FAE04EC0-301F-11D3-BF4B-00C04F79EFBC}") = "GreetingChallengeTests", "GreetingChallengeTests\GreetingChallengeTests.csproj", "{37CA75FB-787B-41FB-9631-5121C09298A6}"
EndProject
Project("{FAE04EC0-301F-11D3-BF4B-00C04F79EFBC}") = "GreetingChallengeConsole", "GreetingChallengeConsole\GreetingChallengeConsole.csproj", "{9F25F6A3-F5A2-4B13-8149-DD1D2D66C545}"
EndProject
Global
	GlobalSection(SolutionConfigurationPlatforms) = preSolution
		Debug|Any CPU = Debug|Any CPU
		Release|Any CPU = Release|Any CPU
	EndGlobalSection
	GlobalSection(ProjectConfigurationPlatforms) = postSolution
		{357052ED-CF6F-45BA-95B0-B3E952193262}.Debug|Any CPU.ActiveCfg = Debug|Any CPU
		{357052ED-CF6F-45BA-95B0-B3E952193262}.Debug|Any CPU.Build.0 = Debug|Any CPU
		{357052ED-CF6F-45BA-95B0-B3E952193262}.Release|Any CPU.ActiveCfg = Release|Any CPU
		{357052ED-CF6F-45BA-95B0-B3E952193262}.Release|Any CPU.Build.0 = Release|Any CPU
		{237CA4EC-D4AE-45BB-98E2-73C126B5E282}.Debug|Any CPU.ActiveCfg = Debug|Any CPU
		{237CA4EC-D4AE-45BB-98E2-73C126B5E282}.Debug|Any CPU.Build.0 = Debug|Any CPU
		{237CA4EC-D4AE-45BB-98E2-73C126B5E282}.Release|Any CPU.ActiveCfg = Release|Any CPU
		{237CA4EC-D4AE-45BB-98E2-73C126B5E282}.Release|Any CPU.Build.0 = Release|Any CPU
		{50630ED2-E46F-4A45-96A3-404E470CA01A}.Debug|Any CPU.ActiveCfg = Debug|Any CPU
		{50630ED2-E46F-4A45-96A3-404E470CA01A}.Debug|Any CPU.Build.0 = Debug|Any CPU
		{50630ED2-E46F-4A45-96A3-404E470CA01A}.Release|Any CPU.ActiveCfg = Release|Any CPU
		{50630ED2-E46F-4A45-96A3-404E470CA01A}.Release|Any CPU.Build.0 = Release|Any CPU
		{EE29B016-3EA2-4A1A-8A5B-D35A33CBD08A}.Debug|Any CPU.ActiveCfg = Debug|Any CPU
		{EE29B016-3EA2-4A1A-8A5B-D35A33CBD08A}.Debug|Any CPU.Build.0 = Debug|Any CPU
		{EE29B016-3EA2-4A1A-8A5B-D35A33CBD08A}.Release|Any CPU.ActiveCfg = Release|Any CPU
		{EE29B016-3EA2-4A1A-8A5B-D35A33CBD08A}.Release|Any CPU.Build.0 = Release|Any CPU
		{12E6B77B-207B-4733-A565-3E720D7EA438}.Debug|Any CPU.ActiveCfg = Debug|Any CPU
		{12E6B77B-207B-4733-A565-3E720D7EA438}.Debug|Any CPU.Build.0 = Debug|Any CPU
		{12E6B77B-207B-4733-A565-3E720D7EA438}.Release|Any CPU.ActiveCfg = Release|Any CPU
		{12E6B77B-207B-4733-A565-3E720D7EA438}.Release|Any CPU.Build.0 = Release|Any CPU
		{CB32E7D0-CCD9-4F21-8CA9-7D1B7DA05E83}.Debug|Any CPU.ActiveCfg = Debug|Any CPU
		{CB32E7D0-CCD9-4F21-8CA9-7D1B7DA05E83}.Debug|Any CPU.Build.0 = Debug|Any CPU
		{CB32E7D0-CCD9-4F21-8CA9-7D1B7DA05E83}.Release|Any CPU.ActiveCfg = Release|Any CPU
		{CB32E7D0-CCD9-4F21-8CA9-7D1B7DA05E83}.Release|Any CPU.Build.0 = Release|Any CPU
		{54FD0343-E4F6-42BF-B205-0A8B6B0A09A5}.Debug|Any CPU.ActiveCfg = Debug|Any CPU
		{54FD0343-E4F6-42BF-B205-0A8B6B0A09A5}.Debug|Any CPU.Build.0 = Debug|Any CPU
		{54FD0343-E4F6-42BF-B205-0A8B6B0A09A5}.Release|Any CPU.ActiveCfg = Release|Any CPU
		{54FD0343-E4F6-42BF-B205-0A8B6B0A09A5}.Release|Any CPU.Build.0 = Release|Any CPU
		{8391246F-715D-4994-8219-EC46D4435AC3}.Debug|Any CPU.ActiveCfg = Debug|Any CPU
		{8391246F-715D-4994-8219-EC46D4435AC3}.Debug|Any CPU.Build.0 = Debug|Any CPU
		{8391246F-715D-4994-8219-EC46D4435AC3}.Release|Any CPU.ActiveCfg = Release|Any CPU
		{8391246F-715D-4994-8219-EC46D4435AC3}.Release|Any CPU.Build.0 = Release|Any CPU
		{B5C61623-10F0-4189-9FC4-E6AD4F6ED85B}.Debug|Any CPU.ActiveCfg = Debug|Any CPU
		{B5C61623-10F0-4189-9FC4-E6AD4F6ED85B}.Debug|Any CPU.Build.0 = Debug|Any CPU
		{B5C61623-10F0-4189-9FC4-E6AD4F6ED85B}.Release|Any CPU.ActiveCfg = Release|Any CPU
		{B5C61623-10F0-4189-9FC4-E6AD4F6ED85B}.Release|Any CPU.Build.0 = Release|Any CPU
		{B869862A-50E8-4643-BA3E-2B7A8EF7AA41}.Debug|Any CPU.ActiveCfg = Debug|Any CPU
		{B869862A-50E8-4643-BA3E-2B7A8EF7AA41}.Debug|Any CPU.Build.0 = Debug|Any CPU
		{B869862A-50E8-4643-BA3E-2B7A8EF7AA41}.Release|Any CPU.ActiveCfg = Release|Any CPU
		{B869862A-50E8-4643-BA3E-2B7A8EF7AA41}.Release|Any CPU.Build.0 = Release|Any CPU
		{5C1999AA-1DFB-49D5-B4C4-F502919E6D2C}.Debug|Any CPU.ActiveCfg = Debug|Any CPU
		{5C1999AA-1DFB-49D5-B4C4-F502919E6D2C}.Debug|Any CPU.Build.0 = Debug|Any CPU
		{5C1999AA-1DFB-49D5-B4C4-F502919E6D2C}.Release|Any CPU.ActiveCfg = Release|Any CPU
		{5C1999AA-1DFB-49D5-B4C4-F502919E6D2C}.Release|Any CPU.Build.0 = Release|Any CPU
		{CAD07149-AC79-44B2-AA28-54CAC9A51197}.Debug|Any CPU.ActiveCfg = Debug|Any CPU
		{CAD07149-AC79-44B2-AA28-54CAC9A51197}.Debug|Any CPU.Build.0 = Debug|Any CPU
		{CAD07149-AC79-44B2-AA28-54CAC9A51197}.Release|Any CPU.ActiveCfg = Release|Any CPU
		{CAD07149-AC79-44B2-AA28-54CAC9A51197}.Release|Any CPU.Build.0 = Release|Any CPU
		{AFC5E902-0AD2-4A34-850E-989F768B4B7C}.Debug|Any CPU.ActiveCfg = Debug|Any CPU
		{AFC5E902-0AD2-4A34-850E-989F768B4B7C}.Debug|Any CPU.Build.0 = Debug|Any CPU
		{AFC5E902-0AD2-4A34-850E-989F768B4B7C}.Release|Any CPU.ActiveCfg = Release|Any CPU
		{AFC5E902-0AD2-4A34-850E-989F768B4B7C}.Release|Any CPU.Build.0 = Release|Any CPU
		{37CA75FB-787B-41FB-9631-5121C09298A6}.Debug|Any CPU.ActiveCfg = Debug|Any CPU
		{37CA75FB-787B-41FB-9631-5121C09298A6}.Debug|Any CPU.Build.0 = Debug|Any CPU
		{37CA75FB-787B-41FB-9631-5121C09298A6}.Release|Any CPU.ActiveCfg = Release|Any CPU
		{37CA75FB-787B-41FB-9631-5121C09298A6}.Release|Any CPU.Build.0 = Release|Any CPU
		{9F25F6A3-F5A2-4B13-8149-DD1D2D66C545}.Debug|Any CPU.ActiveCfg = Debug|Any CPU
		{9F25F6A3-F5A2-4B13-8149-DD1D2D66C545}.Debug|Any CPU.Build.0 = Debug|Any CPU
		{9F25F6A3-F5A2-4B13-8149-DD1D2D66C545}.Release|Any CPU.ActiveCfg = Release|Any CPU
		{9F25F6A3-F5A2-4B13-8149-DD1D2D66C545}.Release|Any CPU.Build.0 = Release|Any CPU
	EndGlobalSection
	GlobalSection(SolutionProperties) = preSolution
		HideSolutionNode = FALSE
	EndGlobalSection
	GlobalSection(ExtensibilityGlobals) = postSolution
		SolutionGuid = {CF5B21DD-0D13-4F7E-9F7A-E95E62CB3019}
	EndGlobalSection
EndGlobal
